
Microsoft Visual Studio Solution File, Format Version 12.00
# Visual Studio Version 17
VisualStudioVersion = 17.5.33627.172
MinimumVisualStudioVersion = 10.0.40219.1
Project("{FAE04EC0-301F-11D3-BF4B-00C04F79EFBC}") = "Calculadora", "Calculadora\Calculadora.csproj", "{C91F9335-F649-48D4-BFBF-C1DB5796C3B6}"
EndProject
Global
	GlobalSection(SolutionConfigurationPlatforms) = preSolution
		Debug|Any CPU = Debug|Any CPU
		Release|Any CPU = Release|Any CPU
	EndGlobalSection
	GlobalSection(ProjectConfigurationPlatforms) = postSolution
		{C91F9335-F649-48D4-BFBF-C1DB5796C3B6}.Debug|Any CPU.ActiveCfg = Debug|Any CPU
		{C91F9335-F649-48D4-BFBF-C1DB5796C3B6}.Debug|Any CPU.Build.0 = Debug|Any CPU
		{C91F9335-F649-48D4-BFBF-C1DB5796C3B6}.Release|Any CPU.ActiveCfg = Release|Any CPU
		{C91F9335-F649-48D4-BFBF-C1DB5796C3B6}.Release|Any CPU.Build.0 = Release|Any CPU
	EndGlobalSection
	GlobalSection(SolutionProperties) = preSolution
		HideSolutionNode = FALSE
	EndGlobalSection
	GlobalSection(ExtensibilityGlobals) = postSolution
		SolutionGuid = {8217F161-FE53-4659-8994-D4BBE78775EB}
	EndGlobalSection
EndGlobal
